
Microsoft Visual Studio Solution File, Format Version 12.00
# Visual Studio Version 18
VisualStudioVersion = 18.6.11822.322 stable
MinimumVisualStudioVersion = 10.0.40219.1
Project("{FAE04EC0-301F-11D3-BF4B-00C04F79EFBC}") = "LolHolmes.Infrastructure", "LolHolmes.Infrastructure\LolHolmes.Infrastructure.csproj", "{202C2235-7482-CD5F-55B3-AA4FAED9F50E}"
EndProject
Project("{FAE04EC0-301F-11D3-BF4B-00C04F79EFBC}") = "LolHolmes.Domain", "LolHolmes.Domain\LolHolmes.Domain.csproj", "{C78E08CA-BCBA-4343-B861-0EE5C7B6593C}"
EndProject
Project("{FAE04EC0-301F-11D3-BF4B-00C04F79EFBC}") = "TestLolHolmes", "TestLolHolmes\TestLolHolmes.csproj", "{64960480-6053-44E0-AE96-65BC6739AF0B}"
EndProject
Project("{FAE04EC0-301F-11D3-BF4B-00C04F79EFBC}") = "LolHolmes.Core", "LolHolmes.Core\LolHolmes.Core.csproj", "{453F4E87-02C8-4C6C-BB68-AECFB553B73C}"
EndProject
Project("{FAE04EC0-301F-11D3-BF4B-00C04F79EFBC}") = "LolHolmes.UI", "LolHolmes.UI\LolHolmes.UI.csproj", "{4C591D21-6C9D-4D94-9007-041623794105}"
EndProject
Global
	GlobalSection(SolutionConfigurationPlatforms) = preSolution
		Debug|Any CPU = Debug|Any CPU
		Release|Any CPU = Release|Any CPU
	EndGlobalSection
	GlobalSection(ProjectConfigurationPlatforms) = postSolution
		{202C2235-7482-CD5F-55B3-AA4FAED9F50E}.Debug|Any CPU.ActiveCfg = Debug|Any CPU
		{202C2235-7482-CD5F-55B3-AA4FAED9F50E}.Debug|Any CPU.Build.0 = Debug|Any CPU
		{202C2235-7482-CD5F-55B3-AA4FAED9F50E}.Release|Any CPU.ActiveCfg = Release|Any CPU
		{202C2235-7482-CD5F-55B3-AA4FAED9F50E}.Release|Any CPU.Build.0 = Release|Any CPU
		{C78E08CA-BCBA-4343-B861-0EE5C7B6593C}.Debug|Any CPU.ActiveCfg = Debug|Any CPU
		{C78E08CA-BCBA-4343-B861-0EE5C7B6593C}.Debug|Any CPU.Build.0 = Debug|Any CPU
		{C78E08CA-BCBA-4343-B861-0EE5C7B6593C}.Release|Any CPU.ActiveCfg = Release|Any CPU
		{C78E08CA-BCBA-4343-B861-0EE5C7B6593C}.Release|Any CPU.Build.0 = Release|Any CPU
		{64960480-6053-44E0-AE96-65BC6739AF0B}.Debug|Any CPU.ActiveCfg = Debug|Any CPU
		{64960480-6053-44E0-AE96-65BC6739AF0B}.Debug|Any CPU.Build.0 = Debug|Any CPU
		{64960480-6053-44E0-AE96-65BC6739AF0B}.Release|Any CPU.ActiveCfg = Release|Any CPU
		{64960480-6053-44E0-AE96-65BC6739AF0B}.Release|Any CPU.Build.0 = Release|Any CPU
		{453F4E87-02C8-4C6C-BB68-AECFB553B73C}.Debug|Any CPU.ActiveCfg = Debug|Any CPU
		{453F4E87-02C8-4C6C-BB68-AECFB553B73C}.Debug|Any CPU.Build.0 = Debug|Any CPU
		{453F4E87-02C8-4C6C-BB68-AECFB553B73C}.Release|Any CPU.ActiveCfg = Release|Any CPU
		{453F4E87-02C8-4C6C-BB68-AECFB553B73C}.Release|Any CPU.Build.0 = Release|Any CPU
		{4C591D21-6C9D-4D94-9007-041623794105}.Debug|Any CPU.ActiveCfg = Debug|Any CPU
		{4C591D21-6C9D-4D94-9007-041623794105}.Debug|Any CPU.Build.0 = Debug|Any CPU
		{4C591D21-6C9D-4D94-9007-041623794105}.Release|Any CPU.ActiveCfg = Release|Any CPU
		{4C591D21-6C9D-4D94-9007-041623794105}.Release|Any CPU.Build.0 = Release|Any CPU
	EndGlobalSection
	GlobalSection(SolutionProperties) = preSolution
		HideSolutionNode = FALSE
	EndGlobalSection
	GlobalSection(ExtensibilityGlobals) = postSolution
		SolutionGuid = {DACFD6A1-7845-4CD6-B994-D721C11B1096}
	EndGlobalSection
EndGlobal
